
Microsoft Visual Studio Solution File, Format Version 12.00
# Visual Studio Version 16
VisualStudioVersion = 16.0.30804.86
MinimumVisualStudioVersion = 10.0.40219.1
Project("{FAE04EC0-301F-11D3-BF4B-00C04F79EFBC}") = "odevdeneme2", "odevdeneme2\odevdeneme2.csproj", "{4C5B05EC-EDF7-40E5-A9AB-3A36AF11F1E9}"
EndProject
Global
	GlobalSection(SolutionConfigurationPlatforms) = preSolution
		Debug|Any CPU = Debug|Any CPU
		Release|Any CPU = Release|Any CPU
	EndGlobalSection
	GlobalSection(ProjectConfigurationPlatforms) = postSolution
		{4C5B05EC-EDF7-40E5-A9AB-3A36AF11F1E9}.Debug|Any CPU.ActiveCfg = Debug|Any CPU
		{4C5B05EC-EDF7-40E5-A9AB-3A36AF11F1E9}.Debug|Any CPU.Build.0 = Debug|Any CPU
		{4C5B05EC-EDF7-40E5-A9AB-3A36AF11F1E9}.Release|Any CPU.ActiveCfg = Release|Any CPU
		{4C5B05EC-EDF7-40E5-A9AB-3A36AF11F1E9}.Release|Any CPU.Build.0 = Release|Any CPU
	EndGlobalSection
	GlobalSection(SolutionProperties) = preSolution
		HideSolutionNode = FALSE
	EndGlobalSection
	GlobalSection(ExtensibilityGlobals) = postSolution
		SolutionGuid = {E22FC8B3-6714-4494-BDBF-FC245A0F711F}
	EndGlobalSection
EndGlobal
